// !$*UTF8*$!
{
	archiveVersion = 1;
	classes = {
	};
	objectVersion = 48;
	objects = {

/* Begin PBXBuildFile section */
		0D7607C2F191B8543FE31FA5 /* libPods-Bird.a in Frameworks */ = {isa = PBXBuildFile; fileRef = 5899B5D8015364A4F6F714C9 /* libPods-Bird.a */; };
		4BCA53A72085960D0098A0FC /* MultiTargetProjectDemoTests.m in Sources */ = {isa = PBXBuildFile; fileRef = 4BCA53A62085960D0098A0FC /* MultiTargetProjectDemoTests.m */; };
		4BCA53B22085960D0098A0FC /* MultiTargetProjectDemoUITests.m in Sources */ = {isa = PBXBuildFile; fileRef = 4BCA53B12085960D0098A0FC /* MultiTargetProjectDemoUITests.m */; };
		4BCA53C1208596450098A0FC /* ViewController.m in Sources */ = {isa = PBXBuildFile; fileRef = 4BCA53912085960D0098A0FC /* ViewController.m */; };
		4BCA53C2208596450098A0FC /* main.m in Sources */ = {isa = PBXBuildFile; fileRef = 4BCA539C2085960D0098A0FC /* main.m */; };
		4BCA53C6208596450098A0FC /* LaunchScreen.storyboard in Resources */ = {isa = PBXBuildFile; fileRef = 4BCA53982085960D0098A0FC /* LaunchScreen.storyboard */; };
		4BCA53C7208596450098A0FC /* Assets.xcassets in Resources */ = {isa = PBXBuildFile; fileRef = 4BCA53962085960D0098A0FC /* Assets.xcassets */; };
		4BCA53C8208596450098A0FC /* Main.storyboard in Resources */ = {isa = PBXBuildFile; fileRef = 4BCA53932085960D0098A0FC /* Main.storyboard */; };
		4BCA53D0208596490098A0FC /* ViewController.m in Sources */ = {isa = PBXBuildFile; fileRef = 4BCA53912085960D0098A0FC /* ViewController.m */; };
		4BCA53D1208596490098A0FC /* main.m in Sources */ = {isa = PBXBuildFile; fileRef = 4BCA539C2085960D0098A0FC /* main.m */; };
		4BCA53D5208596490098A0FC /* LaunchScreen.storyboard in Resources */ = {isa = PBXBuildFile; fileRef = 4BCA53982085960D0098A0FC /* LaunchScreen.storyboard */; };
		4BCA53D6208596490098A0FC /* Assets.xcassets in Resources */ = {isa = PBXBuildFile; fileRef = 4BCA53962085960D0098A0FC /* Assets.xcassets */; };
		4BCA53D7208596490098A0FC /* Main.storyboard in Resources */ = {isa = PBXBuildFile; fileRef = 4BCA53932085960D0098A0FC /* Main.storyboard */; };
		4BCA53DF208599EA0098A0FC /* ViewController.m in Sources */ = {isa = PBXBuildFile; fileRef = 4BCA53912085960D0098A0FC /* ViewController.m */; };
		4BCA53E0208599EA0098A0FC /* main.m in Sources */ = {isa = PBXBuildFile; fileRef = 4BCA539C2085960D0098A0FC /* main.m */; };
		4BCA53E4208599EA0098A0FC /* LaunchScreen.storyboard in Resources */ = {isa = PBXBuildFile; fileRef = 4BCA53982085960D0098A0FC /* LaunchScreen.storyboard */; };
		4BCA53E5208599EA0098A0FC /* Assets.xcassets in Resources */ = {isa = PBXBuildFile; fileRef = 4BCA53962085960D0098A0FC /* Assets.xcassets */; };
		4BCA53E6208599EA0098A0FC /* Main.storyboard in Resources */ = {isa = PBXBuildFile; fileRef = 4BCA53932085960D0098A0FC /* Main.storyboard */; };
		4BCA53F620859BB40098A0FC /* AppDelegate.m in Sources */ = {isa = PBXBuildFile; fileRef = 4BCA53F420859BB40098A0FC /* AppDelegate.m */; };
		4BCA53F720859BB40098A0FC /* AppDelegate.m in Sources */ = {isa = PBXBuildFile; fileRef = 4BCA53F420859BB40098A0FC /* AppDelegate.m */; };
		4BCA53F820859BB40098A0FC /* AppDelegate.m in Sources */ = {isa = PBXBuildFile; fileRef = 4BCA53F420859BB40098A0FC /* AppDelegate.m */; };
		4BD1C0DB2085CA5800429D70 /* ManHomePageViewController.m in Sources */ = {isa = PBXBuildFile; fileRef = 4BD1C0DA2085CA5800429D70 /* ManHomePageViewController.m */; };
		4BD1C0DE2085CA7F00429D70 /* TreeHomePageViewController.m in Sources */ = {isa = PBXBuildFile; fileRef = 4BD1C0DD2085CA7F00429D70 /* TreeHomePageViewController.m */; };
		4BD1C0E12085CA9800429D70 /* BirdHomePageViewController.m in Sources */ = {isa = PBXBuildFile; fileRef = 4BD1C0E02085CA9800429D70 /* BirdHomePageViewController.m */; };
		92AE880957F598924E8560CA /* libPods-Tree.a in Frameworks */ = {isa = PBXBuildFile; fileRef = 0846B15C0968EFF8C3FBDF0F /* libPods-Tree.a */; };
		C6D46E0A22EDA6673CDE17F2 /* libPods-Man.a in Frameworks */ = {isa = PBXBuildFile; fileRef = 3F02F0F276064BFC74398ECA /* libPods-Man.a */; };
/* End PBXBuildFile section */

/* Begin PBXFileReference section */
		026BF58629E04A31C5DE38E1 /* Pods-Bird.debug.xcconfig */ = {isa = PBXFileReference; includeInIndex = 1; lastKnownFileType = text.xcconfig; name = "Pods-Bird.debug.xcconfig"; path = "Pods/Target Support Files/Pods-Bird/Pods-Bird.debug.xcconfig"; sourceTree = "<group>"; };
		0846B15C0968EFF8C3FBDF0F /* libPods-Tree.a */ = {isa = PBXFileReference; explicitFileType = archive.ar; includeInIndex = 0; path = "libPods-Tree.a"; sourceTree = BUILT_PRODUCTS_DIR; };
		256600263CD730D7CE209FC9 /* Pods-Tree.release.xcconfig */ = {isa = PBXFileReference; includeInIndex = 1; lastKnownFileType = text.xcconfig; name = "Pods-Tree.release.xcconfig"; path = "Pods/Target Support Files/Pods-Tree/Pods-Tree.release.xcconfig"; sourceTree = "<group>"; };
		38C6F2459AE2CA3DC4380B55 /* Pods-Tree.debug.xcconfig */ = {isa = PBXFileReference; includeInIndex = 1; lastKnownFileType = text.xcconfig; name = "Pods-Tree.debug.xcconfig"; path = "Pods/Target Support Files/Pods-Tree/Pods-Tree.debug.xcconfig"; sourceTree = "<group>"; };
		3F02F0F276064BFC74398ECA /* libPods-Man.a */ = {isa = PBXFileReference; explicitFileType = archive.ar; includeInIndex = 0; path = "libPods-Man.a"; sourceTree = BUILT_PRODUCTS_DIR; };
		4BCA53902085960D0098A0FC /* ViewController.h */ = {isa = PBXFileReference; lastKnownFileType = sourcecode.c.h; path = ViewController.h; sourceTree = "<group>"; };
		4BCA53912085960D0098A0FC /* ViewController.m */ = {isa = PBXFileReference; lastKnownFileType = sourcecode.c.objc; path = ViewController.m; sourceTree = "<group>"; };
		4BCA53942085960D0098A0FC /* Base */ = {isa = PBXFileReference; lastKnownFileType = file.storyboard; name = Base; path = Base.lproj/Main.storyboard; sourceTree = "<group>"; };
		4BCA53962085960D0098A0FC /* Assets.xcassets */ = {isa = PBXFileReference; lastKnownFileType = folder.assetcatalog; path = Assets.xcassets; sourceTree = "<group>"; };
		4BCA53992085960D0098A0FC /* Base */ = {isa = PBXFileReference; lastKnownFileType = file.storyboard; name = Base; path = Base.lproj/LaunchScreen.storyboard; sourceTree = "<group>"; };
		4BCA539C2085960D0098A0FC /* main.m */ = {isa = PBXFileReference; lastKnownFileType = sourcecode.c.objc; path = main.m; sourceTree = "<group>"; };
		4BCA53A22085960D0098A0FC /* MultiTargetProjectDemoTests.xctest */ = {isa = PBXFileReference; explicitFileType = wrapper.cfbundle; includeInIndex = 0; path = MultiTargetProjectDemoTests.xctest; sourceTree = BUILT_PRODUCTS_DIR; };
		4BCA53A62085960D0098A0FC /* MultiTargetProjectDemoTests.m */ = {isa = PBXFileReference; lastKnownFileType = sourcecode.c.objc; path = MultiTargetProjectDemoTests.m; sourceTree = "<group>"; };
		4BCA53A82085960D0098A0FC /* Info.plist */ = {isa = PBXFileReference; lastKnownFileType = text.plist.xml; path = Info.plist; sourceTree = "<group>"; };
		4BCA53AD2085960D0098A0FC /* MultiTargetProjectDemoUITests.xctest */ = {isa = PBXFileReference; explicitFileType = wrapper.cfbundle; includeInIndex = 0; path = MultiTargetProjectDemoUITests.xctest; sourceTree = BUILT_PRODUCTS_DIR; };
		4BCA53B12085960D0098A0FC /* MultiTargetProjectDemoUITests.m */ = {isa = PBXFileReference; lastKnownFileType = sourcecode.c.objc; path = MultiTargetProjectDemoUITests.m; sourceTree = "<group>"; };
		4BCA53B32085960D0098A0FC /* Info.plist */ = {isa = PBXFileReference; lastKnownFileType = text.plist.xml; path = Info.plist; sourceTree = "<group>"; };
		4BCA53CC208596450098A0FC /* Man.app */ = {isa = PBXFileReference; explicitFileType = wrapper.application; includeInIndex = 0; path = Man.app; sourceTree = BUILT_PRODUCTS_DIR; };
		4BCA53DB208596490098A0FC /* Tree.app */ = {isa = PBXFileReference; explicitFileType = wrapper.application; includeInIndex = 0; path = Tree.app; sourceTree = BUILT_PRODUCTS_DIR; };
		4BCA53EA208599EA0098A0FC /* Bird.app */ = {isa = PBXFileReference; explicitFileType = wrapper.application; includeInIndex = 0; path = Bird.app; sourceTree = BUILT_PRODUCTS_DIR; };
		4BCA53F320859BB40098A0FC /* AppDelegate.h */ = {isa = PBXFileReference; fileEncoding = 4; lastKnownFileType = sourcecode.c.h; path = AppDelegate.h; sourceTree = "<group>"; };
		4BCA53F420859BB40098A0FC /* AppDelegate.m */ = {isa = PBXFileReference; fileEncoding = 4; lastKnownFileType = sourcecode.c.objc; path = AppDelegate.m; sourceTree = "<group>"; };
		4BCA540120859CDE0098A0FC /* Man.plist */ = {isa = PBXFileReference; fileEncoding = 4; lastKnownFileType = text.plist.xml; path = Man.plist; sourceTree = "<group>"; };
		4BCA540420859CEF0098A0FC /* Tree.plist */ = {isa = PBXFileReference; fileEncoding = 4; lastKnownFileType = text.plist.xml; path = Tree.plist; sourceTree = "<group>"; };
		4BCA54072085A1360098A0FC /* Bird.plist */ = {isa = PBXFileReference; fileEncoding = 4; lastKnownFileType = text.plist.xml; path = Bird.plist; sourceTree = "<group>"; };
		4BD1C0D92085CA5800429D70 /* ManHomePageViewController.h */ = {isa = PBXFileReference; lastKnownFileType = sourcecode.c.h; path = ManHomePageViewController.h; sourceTree = "<group>"; };
		4BD1C0DA2085CA5800429D70 /* ManHomePageViewController.m */ = {isa = PBXFileReference; lastKnownFileType = sourcecode.c.objc; path = ManHomePageViewController.m; sourceTree = "<group>"; };
		4BD1C0DC2085CA7F00429D70 /* TreeHomePageViewController.h */ = {isa = PBXFileReference; lastKnownFileType = sourcecode.c.h; path = TreeHomePageViewController.h; sourceTree = "<group>"; };
		4BD1C0DD2085CA7F00429D70 /* TreeHomePageViewController.m */ = {isa = PBXFileReference; lastKnownFileType = sourcecode.c.objc; path = TreeHomePageViewController.m; sourceTree = "<group>"; };
		4BD1C0DF2085CA9800429D70 /* BirdHomePageViewController.h */ = {isa = PBXFileReference; lastKnownFileType = sourcecode.c.h; path = BirdHomePageViewController.h; sourceTree = "<group>"; };
		4BD1C0E02085CA9800429D70 /* BirdHomePageViewController.m */ = {isa = PBXFileReference; lastKnownFileType = sourcecode.c.objc; path = BirdHomePageViewController.m; sourceTree = "<group>"; };
		5899B5D8015364A4F6F714C9 /* libPods-Bird.a */ = {isa = PBXFileReference; explicitFileType = archive.ar; includeInIndex = 0; path = "libPods-Bird.a"; sourceTree = BUILT_PRODUCTS_DIR; };
		AA241FF6B3B1A1AC94711A3F /* Pods-Bird.release.xcconfig */ = {isa = PBXFileReference; includeInIndex = 1; lastKnownFileType = text.xcconfig; name = "Pods-Bird.release.xcconfig"; path = "Pods/Target Support Files/Pods-Bird/Pods-Bird.release.xcconfig"; sourceTree = "<group>"; };
		C1E896C1710753CFEE0083C2 /* Pods-Man.release.xcconfig */ = {isa = PBXFileReference; includeInIndex = 1; lastKnownFileType = text.xcconfig; name = "Pods-Man.release.xcconfig"; path = "Pods/Target Support Files/Pods-Man/Pods-Man.release.xcconfig"; sourceTree = "<group>"; };
		EB62710138784EA76FED0916 /* Pods-Man.debug.xcconfig */ = {isa = PBXFileReference; includeInIndex = 1; lastKnownFileType = text.xcconfig; name = "Pods-Man.debug.xcconfig"; path = "Pods/Target Support Files/Pods-Man/Pods-Man.debug.xcconfig"; sourceTree = "<group>"; };
/* End PBXFileReference section */

/* Begin PBXFrameworksBuildPhase section */
		4BCA539F2085960D0098A0FC /* Frameworks */ = {
			isa = PBXFrameworksBuildPhase;
			buildActionMask = 2147483647;
			files = (
			);
			runOnlyForDeploymentPostprocessing = 0;
		};
		4BCA53AA2085960D0098A0FC /* Frameworks */ = {
			isa = PBXFrameworksBuildPhase;
			buildActionMask = 2147483647;
			files = (
			);
			runOnlyForDeploymentPostprocessing = 0;
		};
		4BCA53C4208596450098A0FC /* Frameworks */ = {
			isa = PBXFrameworksBuildPhase;
			buildActionMask = 2147483647;
			files = (
				C6D46E0A22EDA6673CDE17F2 /* libPods-Man.a in Frameworks */,
			);
			runOnlyForDeploymentPostprocessing = 0;
		};
		4BCA53D3208596490098A0FC /* Frameworks */ = {
			isa = PBXFrameworksBuildPhase;
			buildActionMask = 2147483647;
			files = (
				92AE880957F598924E8560CA /* libPods-Tree.a in Frameworks */,
			);
			runOnlyForDeploymentPostprocessing = 0;
		};
		4BCA53E2208599EA0098A0FC /* Frameworks */ = {
			isa = PBXFrameworksBuildPhase;
			buildActionMask = 2147483647;
			files = (
				0D7607C2F191B8543FE31FA5 /* libPods-Bird.a in Frameworks */,
			);
			runOnlyForDeploymentPostprocessing = 0;
		};
/* End PBXFrameworksBuildPhase section */

/* Begin PBXGroup section */
		47BE3D426F75D526AE1391BE /* Frameworks */ = {
			isa = PBXGroup;
			children = (
				5899B5D8015364A4F6F714C9 /* libPods-Bird.a */,
				3F02F0F276064BFC74398ECA /* libPods-Man.a */,
				0846B15C0968EFF8C3FBDF0F /* libPods-Tree.a */,
			);
			name = Frameworks;
			sourceTree = "<group>";
		};
		4BCA53812085960D0098A0FC = {
			isa = PBXGroup;
			children = (
				4BCA538C2085960D0098A0FC /* MultiTargetProjectDemo */,
				4BCA53A52085960D0098A0FC /* MultiTargetProjectDemoTests */,
				4BCA53B02085960D0098A0FC /* MultiTargetProjectDemoUITests */,
				4BCA538B2085960D0098A0FC /* Products */,
				E7328699B8E744AEFBB33DFE /* Pods */,
				47BE3D426F75D526AE1391BE /* Frameworks */,
			);
			sourceTree = "<group>";
		};
		4BCA538B2085960D0098A0FC /* Products */ = {
			isa = PBXGroup;
			children = (
				4BCA53A22085960D0098A0FC /* MultiTargetProjectDemoTests.xctest */,
				4BCA53AD2085960D0098A0FC /* MultiTargetProjectDemoUITests.xctest */,
				4BCA53CC208596450098A0FC /* Man.app */,
				4BCA53DB208596490098A0FC /* Tree.app */,
				4BCA53EA208599EA0098A0FC /* Bird.app */,
			);
			name = Products;
			sourceTree = "<group>";
		};
		4BCA538C2085960D0098A0FC /* MultiTargetProjectDemo */ = {
			isa = PBXGroup;
			children = (
				4BCA53EF20859B1D0098A0FC /* AppDelegate */,
				4BCA53EC20859B1D0098A0FC /* Bird */,
				4BCA53EE20859B1D0098A0FC /* Man */,
				4BCA53ED20859B1D0098A0FC /* Tree */,
				4BCA53902085960D0098A0FC /* ViewController.h */,
				4BCA53912085960D0098A0FC /* ViewController.m */,
				4BCA53932085960D0098A0FC /* Main.storyboard */,
				4BCA53962085960D0098A0FC /* Assets.xcassets */,
				4BCA53982085960D0098A0FC /* LaunchScreen.storyboard */,
				4BCA539C2085960D0098A0FC /* main.m */,
			);
			path = MultiTargetProjectDemo;
			sourceTree = "<group>";
		};
		4BCA53A52085960D0098A0FC /* MultiTargetProjectDemoTests */ = {
			isa = PBXGroup;
			children = (
				4BCA53A62085960D0098A0FC /* MultiTargetProjectDemoTests.m */,
				4BCA53A82085960D0098A0FC /* Info.plist */,
			);
			path = MultiTargetProjectDemoTests;
			sourceTree = "<group>";
		};
		4BCA53B02085960D0098A0FC /* MultiTargetProjectDemoUITests */ = {
			isa = PBXGroup;
			children = (
				4BCA53B12085960D0098A0FC /* MultiTargetProjectDemoUITests.m */,
				4BCA53B32085960D0098A0FC /* Info.plist */,
			);
			path = MultiTargetProjectDemoUITests;
			sourceTree = "<group>";
		};
		4BCA53EC20859B1D0098A0FC /* Bird */ = {
			isa = PBXGroup;
			children = (
				4BCA53F020859B960098A0FC /* Config */,
				4BD1C0DF2085CA9800429D70 /* BirdHomePageViewController.h */,
				4BD1C0E02085CA9800429D70 /* BirdHomePageViewController.m */,
			);
			path = Bird;
			sourceTree = "<group>";
		};
		4BCA53ED20859B1D0098A0FC /* Tree */ = {
			isa = PBXGroup;
			children = (
				4BCA53F220859BA20098A0FC /* Config */,
				4BD1C0DC2085CA7F00429D70 /* TreeHomePageViewController.h */,
				4BD1C0DD2085CA7F00429D70 /* TreeHomePageViewController.m */,
			);
			path = Tree;
			sourceTree = "<group>";
		};
		4BCA53EE20859B1D0098A0FC /* Man */ = {
			isa = PBXGroup;
			children = (
				4BCA53F120859B9C0098A0FC /* Config */,
				4BD1C0D92085CA5800429D70 /* ManHomePageViewController.h */,
				4BD1C0DA2085CA5800429D70 /* ManHomePageViewController.m */,
			);
			path = Man;
			sourceTree = "<group>";
		};
		4BCA53EF20859B1D0098A0FC /* AppDelegate */ = {
			isa = PBXGroup;
			children = (
				4BCA53F320859BB40098A0FC /* AppDelegate.h */,
				4BCA53F420859BB40098A0FC /* AppDelegate.m */,
			);
			path = AppDelegate;
			sourceTree = "<group>";
		};
		4BCA53F020859B960098A0FC /* Config */ = {
			isa = PBXGroup;
			children = (
				4BCA54072085A1360098A0FC /* Bird.plist */,
			);
			path = Config;
			sourceTree = "<group>";
		};
		4BCA53F120859B9C0098A0FC /* Config */ = {
			isa = PBXGroup;
			children = (
				4BCA540120859CDE0098A0FC /* Man.plist */,
			);
			path = Config;
			sourceTree = "<group>";
		};
		4BCA53F220859BA20098A0FC /* Config */ = {
			isa = PBXGroup;
			children = (
				4BCA540420859CEF0098A0FC /* Tree.plist */,
			);
			path = Config;
			sourceTree = "<group>";
		};
		E7328699B8E744AEFBB33DFE /* Pods */ = {
			isa = PBXGroup;
			children = (
				EB62710138784EA76FED0916 /* Pods-Man.debug.xcconfig */,
				C1E896C1710753CFEE0083C2 /* Pods-Man.release.xcconfig */,
				026BF58629E04A31C5DE38E1 /* Pods-Bird.debug.xcconfig */,
				AA241FF6B3B1A1AC94711A3F /* Pods-Bird.release.xcconfig */,
				38C6F2459AE2CA3DC4380B55 /* Pods-Tree.debug.xcconfig */,
				256600263CD730D7CE209FC9 /* Pods-Tree.release.xcconfig */,
			);
			name = Pods;
			sourceTree = "<group>";
		};
/* End PBXGroup section */

/* Begin PBXNativeTarget section */
		4BCA53A12085960D0098A0FC /* MultiTargetProjectDemoTests */ = {
			isa = PBXNativeTarget;
			buildConfigurationList = 4BCA53B92085960D0098A0FC /* Build configuration list for PBXNativeTarget "MultiTargetProjectDemoTests" */;
			buildPhases = (
				4BCA539E2085960D0098A0FC /* Sources */,
				4BCA539F2085960D0098A0FC /* Frameworks */,
				4BCA53A02085960D0098A0FC /* Resources */,
			);
			buildRules = (
			);
			dependencies = (
			);
			name = MultiTargetProjectDemoTests;
			productName = MultiTargetProjectDemoTests;
			productReference = 4BCA53A22085960D0098A0FC /* MultiTargetProjectDemoTests.xctest */;
			productType = "com.apple.product-type.bundle.unit-test";
		};
		4BCA53AC2085960D0098A0FC /* MultiTargetProjectDemoUITests */ = {
			isa = PBXNativeTarget;
			buildConfigurationList = 4BCA53BC2085960D0098A0FC /* Build configuration list for PBXNativeTarget "MultiTargetProjectDemoUITests" */;
			buildPhases = (
				4BCA53A92085960D0098A0FC /* Sources */,
				4BCA53AA2085960D0098A0FC /* Frameworks */,
				4BCA53AB2085960D0098A0FC /* Resources */,
			);
			buildRules = (
			);
			dependencies = (
			);
			name = MultiTargetProjectDemoUITests;
			productName = MultiTargetProjectDemoUITests;
			productReference = 4BCA53AD2085960D0098A0FC /* MultiTargetProjectDemoUITests.xctest */;
			productType = "com.apple.product-type.bundle.ui-testing";
		};
		4BCA53BF208596450098A0FC /* Man */ = {
			isa = PBXNativeTarget;
			buildConfigurationList = 4BCA53C9208596450098A0FC /* Build configuration list for PBXNativeTarget "Man" */;
			buildPhases = (
				D31DFE9B8FB11018862D84AA /* [CP] Check Pods Manifest.lock */,
				4BCA53C0208596450098A0FC /* Sources */,
				4BCA53C4208596450098A0FC /* Frameworks */,
				4BCA53C5208596450098A0FC /* Resources */,
			);
			buildRules = (
			);
			dependencies = (
			);
			name = Man;
			productName = MultiTargetProjectDemo;
			productReference = 4BCA53CC208596450098A0FC /* Man.app */;
			productType = "com.apple.product-type.application";
		};
		4BCA53CE208596490098A0FC /* Tree */ = {
			isa = PBXNativeTarget;
			buildConfigurationList = 4BCA53D8208596490098A0FC /* Build configuration list for PBXNativeTarget "Tree" */;
			buildPhases = (
				48D804BD0DBEB0DED395F4A4 /* [CP] Check Pods Manifest.lock */,
				4BCA53CF208596490098A0FC /* Sources */,
				4BCA53D3208596490098A0FC /* Frameworks */,
				4BCA53D4208596490098A0FC /* Resources */,
			);
			buildRules = (
			);
			dependencies = (
			);
			name = Tree;
			productName = MultiTargetProjectDemo;
			productReference = 4BCA53DB208596490098A0FC /* Tree.app */;
			productType = "com.apple.product-type.application";
		};
		4BCA53DD208599EA0098A0FC /* Bird */ = {
			isa = PBXNativeTarget;
			buildConfigurationList = 4BCA53E7208599EA0098A0FC /* Build configuration list for PBXNativeTarget "Bird" */;
			buildPhases = (
				EB40A8029FCFED8C5DB360DC /* [CP] Check Pods Manifest.lock */,
				4BCA53DE208599EA0098A0FC /* Sources */,
				4BCA53E2208599EA0098A0FC /* Frameworks */,
				4BCA53E3208599EA0098A0FC /* Resources */,
			);
			buildRules = (
			);
			dependencies = (
			);
			name = Bird;
			productName = MultiTargetProjectDemo;
			productReference = 4BCA53EA208599EA0098A0FC /* Bird.app */;
			productType = "com.apple.product-type.application";
		};
/* End PBXNativeTarget section */

/* Begin PBXProject section */
		4BCA53822085960D0098A0FC /* Project object */ = {
			isa = PBXProject;
			attributes = {
				LastUpgradeCheck = 0920;
				ORGANIZATIONNAME = XIAOHUI;
				TargetAttributes = {
					4BCA53A12085960D0098A0FC = {
						CreatedOnToolsVersion = 9.2;
						ProvisioningStyle = Automatic;
						TestTargetID = 4BCA53892085960D0098A0FC;
					};
					4BCA53AC2085960D0098A0FC = {
						CreatedOnToolsVersion = 9.2;
						ProvisioningStyle = Automatic;
						TestTargetID = 4BCA53892085960D0098A0FC;
					};
					4BCA53BF208596450098A0FC = {
						ProvisioningStyle = Automatic;
					};
					4BCA53CE208596490098A0FC = {
						ProvisioningStyle = Automatic;
					};
					4BCA53DD208599EA0098A0FC = {
						ProvisioningStyle = Automatic;
					};
				};
			};
			buildConfigurationList = 4BCA53852085960D0098A0FC /* Build configuration list for PBXProject "MultiTargetProjectDemo" */;
			compatibilityVersion = "Xcode 8.0";
			developmentRegion = en;
			hasScannedForEncodings = 0;
			knownRegions = (
				en,
				Base,
			);
			mainGroup = 4BCA53812085960D0098A0FC;
			productRefGroup = 4BCA538B2085960D0098A0FC /* Products */;
			projectDirPath = "";
			projectRoot = "";
			targets = (
				4BCA53A12085960D0098A0FC /* MultiTargetProjectDemoTests */,
				4BCA53AC2085960D0098A0FC /* MultiTargetProjectDemoUITests */,
				4BCA53BF208596450098A0FC /* Man */,
				4BCA53CE208596490098A0FC /* Tree */,
				4BCA53DD208599EA0098A0FC /* Bird */,
			);
		};
/* End PBXProject section */

/* Begin PBXResourcesBuildPhase section */
		4BCA53A02085960D0098A0FC /* Resources */ = {
			isa = PBXResourcesBuildPhase;
			buildActionMask = 2147483647;
			files = (
			);
			runOnlyForDeploymentPostprocessing = 0;
		};
		4BCA53AB2085960D0098A0FC /* Resources */ = {
			isa = PBXResourcesBuildPhase;
			buildActionMask = 2147483647;
			files = (
			);
			runOnlyForDeploymentPostprocessing = 0;
		};
		4BCA53C5208596450098A0FC /* Resources */ = {
			isa = PBXResourcesBuildPhase;
			buildActionMask = 2147483647;
			files = (
				4BCA53C6208596450098A0FC /* LaunchScreen.storyboard in Resources */,
				4BCA53C7208596450098A0FC /* Assets.xcassets in Resources */,
				4BCA53C8208596450098A0FC /* Main.storyboard in Resources */,
			);
			runOnlyForDeploymentPostprocessing = 0;
		};
		4BCA53D4208596490098A0FC /* Resources */ = {
			isa = PBXResourcesBuildPhase;
			buildActionMask = 2147483647;
			files = (
				4BCA53D5208596490098A0FC /* LaunchScreen.storyboard in Resources */,
				4BCA53D6208596490098A0FC /* Assets.xcassets in Resources */,
				4BCA53D7208596490098A0FC /* Main.storyboard in Resources */,
			);
			runOnlyForDeploymentPostprocessing = 0;
		};
		4BCA53E3208599EA0098A0FC /* Resources */ = {
			isa = PBXResourcesBuildPhase;
			buildActionMask = 2147483647;
			files = (
				4BCA53E4208599EA0098A0FC /* LaunchScreen.storyboard in Resources */,
				4BCA53E5208599EA0098A0FC /* Assets.xcassets in Resources */,
				4BCA53E6208599EA0098A0FC /* Main.storyboard in Resources */,
			);
			runOnlyForDeploymentPostprocessing = 0;
		};
/* End PBXResourcesBuildPhase section */

/* Begin PBXShellScriptBuildPhase section */
		48D804BD0DBEB0DED395F4A4 /* [CP] Check Pods Manifest.lock */ = {
			isa = PBXShellScriptBuildPhase;
			buildActionMask = 2147483647;
			files = (
			);
			inputPaths = (
				"${PODS_PODFILE_DIR_PATH}/Podfile.lock",
				"${PODS_ROOT}/Manifest.lock",
			);
			name = "[CP] Check Pods Manifest.lock";
			outputPaths = (
				"$(DERIVED_FILE_DIR)/Pods-Tree-checkManifestLockResult.txt",
			);
			runOnlyForDeploymentPostprocessing = 0;
			shellPath = /bin/sh;
			shellScript = "diff \"${PODS_PODFILE_DIR_PATH}/Podfile.lock\" \"${PODS_ROOT}/Manifest.lock\" > /dev/null\nif [ $? != 0 ] ; then\n    # print error to STDERR\n    echo \"error: The sandbox is not in sync with the Podfile.lock. Run 'pod install' or update your CocoaPods installation.\" >&2\n    exit 1\nfi\n# This output is used by Xcode 'outputs' to avoid re-running this script phase.\necho \"SUCCESS\" > \"${SCRIPT_OUTPUT_FILE_0}\"\n";
			showEnvVarsInLog = 0;
		};
		D31DFE9B8FB11018862D84AA /* [CP] Check Pods Manifest.lock */ = {
			isa = PBXShellScriptBuildPhase;
			buildActionMask = 2147483647;
			files = (
			);
			inputPaths = (
				"${PODS_PODFILE_DIR_PATH}/Podfile.lock",
				"${PODS_ROOT}/Manifest.lock",
			);
			name = "[CP] Check Pods Manifest.lock";
			outputPaths = (
				"$(DERIVED_FILE_DIR)/Pods-Man-checkManifestLockResult.txt",
			);
			runOnlyForDeploymentPostprocessing = 0;
			shellPath = /bin/sh;
			shellScript = "diff \"${PODS_PODFILE_DIR_PATH}/Podfile.lock\" \"${PODS_ROOT}/Manifest.lock\" > /dev/null\nif [ $? != 0 ] ; then\n    # print error to STDERR\n    echo \"error: The sandbox is not in sync with the Podfile.lock. Run 'pod install' or update your CocoaPods installation.\" >&2\n    exit 1\nfi\n# This output is used by Xcode 'outputs' to avoid re-running this script phase.\necho \"SUCCESS\" > \"${SCRIPT_OUTPUT_FILE_0}\"\n";
			showEnvVarsInLog = 0;
		};
		EB40A8029FCFED8C5DB360DC /* [CP] Check Pods Manifest.lock */ = {
			isa = PBXShellScriptBuildPhase;
			buildActionMask = 2147483647;
			files = (
			);
			inputPaths = (
				"${PODS_PODFILE_DIR_PATH}/Podfile.lock",
				"${PODS_ROOT}/Manifest.lock",
			);
			name = "[CP] Check Pods Manifest.lock";
			outputPaths = (
				"$(DERIVED_FILE_DIR)/Pods-Bird-checkManifestLockResult.txt",
			);
			runOnlyForDeploymentPostprocessing = 0;
			shellPath = /bin/sh;
			shellScript = "diff \"${PODS_PODFILE_DIR_PATH}/Podfile.lock\" \"${PODS_ROOT}/Manifest.lock\" > /dev/null\nif [ $? != 0 ] ; then\n    # print error to STDERR\n    echo \"error: The sandbox is not in sync with the Podfile.lock. Run 'pod install' or update your CocoaPods installation.\" >&2\n    exit 1\nfi\n# This output is used by Xcode 'outputs' to avoid re-running this script phase.\necho \"SUCCESS\" > \"${SCRIPT_OUTPUT_FILE_0}\"\n";
			showEnvVarsInLog = 0;
		};
/* End PBXShellScriptBuildPhase section */

/* Begin PBXSourcesBuildPhase section */
		4BCA539E2085960D0098A0FC /* Sources */ = {
			isa = PBXSourcesBuildPhase;
			buildActionMask = 2147483647;
			files = (
				4BCA53A72085960D0098A0FC /* MultiTargetProjectDemoTests.m in Sources */,
			);
			runOnlyForDeploymentPostprocessing = 0;
		};
		4BCA53A92085960D0098A0FC /* Sources */ = {
			isa = PBXSourcesBuildPhase;
			buildActionMask = 2147483647;
			files = (
				4BCA53B22085960D0098A0FC /* MultiTargetProjectDemoUITests.m in Sources */,
			);
			runOnlyForDeploymentPostprocessing = 0;
		};
		4BCA53C0208596450098A0FC /* Sources */ = {
			isa = PBXSourcesBuildPhase;
			buildActionMask = 2147483647;
			files = (
				4BCA53C1208596450098A0FC /* ViewController.m in Sources */,
				4BCA53C2208596450098A0FC /* main.m in Sources */,
				4BCA53F620859BB40098A0FC /* AppDelegate.m in Sources */,
				4BD1C0DB2085CA5800429D70 /* ManHomePageViewController.m in Sources */,
			);
			runOnlyForDeploymentPostprocessing = 0;
		};
		4BCA53CF208596490098A0FC /* Sources */ = {
			isa = PBXSourcesBuildPhase;
			buildActionMask = 2147483647;
			files = (
				4BD1C0DE2085CA7F00429D70 /* TreeHomePageViewController.m in Sources */,
				4BCA53D0208596490098A0FC /* ViewController.m in Sources */,
				4BCA53D1208596490098A0FC /* main.m in Sources */,
				4BCA53F720859BB40098A0FC /* AppDelegate.m in Sources */,
			);
			runOnlyForDeploymentPostprocessing = 0;
		};
		4BCA53DE208599EA0098A0FC /* Sources */ = {
			isa = PBXSourcesBuildPhase;
			buildActionMask = 2147483647;
			files = (
				4BCA53DF208599EA0098A0FC /* ViewController.m in Sources */,
				4BD1C0E12085CA9800429D70 /* BirdHomePageViewController.m in Sources */,
				4BCA53E0208599EA0098A0FC /* main.m in Sources */,
				4BCA53F820859BB40098A0FC /* AppDelegate.m in Sources */,
			);
			runOnlyForDeploymentPostprocessing = 0;
		};
/* End PBXSourcesBuildPhase section */

/* Begin PBXVariantGroup section */
		4BCA53932085960D0098A0FC /* Main.storyboard */ = {
			isa = PBXVariantGroup;
			children = (
				4BCA53942085960D0098A0FC /* Base */,
			);
			name = Main.storyboard;
			sourceTree = "<group>";
		};
		4BCA53982085960D0098A0FC /* LaunchScreen.storyboard */ = {
			isa = PBXVariantGroup;
			children = (
				4BCA53992085960D0098A0FC /* Base */,
			);
			name = LaunchScreen.storyboard;
			sourceTree = "<group>";
		};
/* End PBXVariantGroup section */

/* Begin XCBuildConfiguration section */
		4BCA53B42085960D0098A0FC /* Debug */ = {
			isa = XCBuildConfiguration;
			buildSettings = {
				ALWAYS_SEARCH_USER_PATHS = NO;
				CLANG_ANALYZER_NONNULL = YES;
				CLANG_ANALYZER_NUMBER_OBJECT_CONVERSION = YES_AGGRESSIVE;
				CLANG_CXX_LANGUAGE_STANDARD = "gnu++14";
				CLANG_CXX_LIBRARY = "libc++";
				CLANG_ENABLE_MODULES = YES;
				CLANG_ENABLE_OBJC_ARC = YES;
				CLANG_WARN_BLOCK_CAPTURE_AUTORELEASING = YES;
				CLANG_WARN_BOOL_CONVERSION = YES;
				CLANG_WARN_COMMA = YES;
				CLANG_WARN_CONSTANT_CONVERSION = YES;
				CLANG_WARN_DIRECT_OBJC_ISA_USAGE = YES_ERROR;
				CLANG_WARN_DOCUMENTATION_COMMENTS = YES;
				CLANG_WARN_EMPTY_BODY = YES;
				CLANG_WARN_ENUM_CONVERSION = YES;
				CLANG_WARN_INFINITE_RECURSION = YES;
				CLANG_WARN_INT_CONVERSION = YES;
				CLANG_WARN_NON_LITERAL_NULL_CONVERSION = YES;
				CLANG_WARN_OBJC_LITERAL_CONVERSION = YES;
				CLANG_WARN_OBJC_ROOT_CLASS = YES_ERROR;
				CLANG_WARN_RANGE_LOOP_ANALYSIS = YES;
				CLANG_WARN_STRICT_PROTOTYPES = YES;
				CLANG_WARN_SUSPICIOUS_MOVE = YES;
				CLANG_WARN_UNGUARDED_AVAILABILITY = YES_AGGRESSIVE;
				CLANG_WARN_UNREACHABLE_CODE = YES;
				CLANG_WARN__DUPLICATE_METHOD_MATCH = YES;
				CODE_SIGN_IDENTITY = "iPhone Developer";
				COPY_PHASE_STRIP = NO;
				DEBUG_INFORMATION_FORMAT = dwarf;
				ENABLE_STRICT_OBJC_MSGSEND = YES;
				ENABLE_TESTABILITY = YES;
				GCC_C_LANGUAGE_STANDARD = gnu11;
				GCC_DYNAMIC_NO_PIC = NO;
				GCC_NO_COMMON_BLOCKS = YES;
				GCC_OPTIMIZATION_LEVEL = 0;
				GCC_PREPROCESSOR_DEFINITIONS = (
					"DEBUG=1",
					"$(inherited)",
				);
				GCC_WARN_64_TO_32_BIT_CONVERSION = YES;
				GCC_WARN_ABOUT_RETURN_TYPE = YES_ERROR;
				GCC_WARN_UNDECLARED_SELECTOR = YES;
				GCC_WARN_UNINITIALIZED_AUTOS = YES_AGGRESSIVE;
				GCC_WARN_UNUSED_FUNCTION = YES;
				GCC_WARN_UNUSED_VARIABLE = YES;
				IPHONEOS_DEPLOYMENT_TARGET = 11.2;
				MTL_ENABLE_DEBUG_INFO = YES;
				ONLY_ACTIVE_ARCH = YES;
				SDKROOT = iphoneos;
			};
			name = Debug;
		};
		4BCA53B52085960D0098A0FC /* Release */ = {
			isa = XCBuildConfiguration;
			buildSettings = {
				ALWAYS_SEARCH_USER_PATHS = NO;
				CLANG_ANALYZER_NONNULL = YES;
				CLANG_ANALYZER_NUMBER_OBJECT_CONVERSION = YES_AGGRESSIVE;
				CLANG_CXX_LANGUAGE_STANDARD = "gnu++14";
				CLANG_CXX_LIBRARY = "libc++";
				CLANG_ENABLE_MODULES = YES;
				CLANG_ENABLE_OBJC_ARC = YES;
				CLANG_WARN_BLOCK_CAPTURE_AUTORELEASING = YES;
				CLANG_WARN_BOOL_CONVERSION = YES;
				CLANG_WARN_COMMA = YES;
				CLANG_WARN_CONSTANT_CONVERSION = YES;
				CLANG_WARN_DIRECT_OBJC_ISA_USAGE = YES_ERROR;
				CLANG_WARN_DOCUMENTATION_COMMENTS = YES;
				CLANG_WARN_EMPTY_BODY = YES;
				CLANG_WARN_ENUM_CONVERSION = YES;
				CLANG_WARN_INFINITE_RECURSION = YES;
				CLANG_WARN_INT_CONVERSION = YES;
				CLANG_WARN_NON_LITERAL_NULL_CONVERSION = YES;
				CLANG_WARN_OBJC_LITERAL_CONVERSION = YES;
				CLANG_WARN_OBJC_ROOT_CLASS = YES_ERROR;
				CLANG_WARN_RANGE_LOOP_ANALYSIS = YES;
				CLANG_WARN_STRICT_PROTOTYPES = YES;
				CLANG_WARN_SUSPICIOUS_MOVE = YES;
				CLANG_WARN_UNGUARDED_AVAILABILITY = YES_AGGRESSIVE;
				CLANG_WARN_UNREACHABLE_CODE = YES;
				CLANG_WARN__DUPLICATE_METHOD_MATCH = YES;
				CODE_SIGN_IDENTITY = "iPhone Developer";
				COPY_PHASE_STRIP = NO;
				DEBUG_INFORMATION_FORMAT = "dwarf-with-dsym";
				ENABLE_NS_ASSERTIONS = NO;
				ENABLE_STRICT_OBJC_MSGSEND = YES;
				GCC_C_LANGUAGE_STANDARD = gnu11;
				GCC_NO_COMMON_BLOCKS = YES;
				GCC_WARN_64_TO_32_BIT_CONVERSION = YES;
				GCC_WARN_ABOUT_RETURN_TYPE = YES_ERROR;
				GCC_WARN_UNDECLARED_SELECTOR = YES;
				GCC_WARN_UNINITIALIZED_AUTOS = YES_AGGRESSIVE;
				GCC_WARN_UNUSED_FUNCTION = YES;
				GCC_WARN_UNUSED_VARIABLE = YES;
				IPHONEOS_DEPLOYMENT_TARGET = 11.2;
				MTL_ENABLE_DEBUG_INFO = NO;
				SDKROOT = iphoneos;
				VALIDATE_PRODUCT = YES;
			};
			name = Release;
		};
		4BCA53BA2085960D0098A0FC /* Debug */ = {
			isa = XCBuildConfiguration;
			buildSettings = {
				BUNDLE_LOADER = "$(TEST_HOST)";
				CODE_SIGN_STYLE = Automatic;
				INFOPLIST_FILE = MultiTargetProjectDemoTests/Info.plist;
				LD_RUNPATH_SEARCH_PATHS = "$(inherited) @executable_path/Frameworks @loader_path/Frameworks";
				PRODUCT_BUNDLE_IDENTIFIER = XH.MultiTargetProjectDemoTests;
				PRODUCT_NAME = "$(TARGET_NAME)";
				TARGETED_DEVICE_FAMILY = "1,2";
				TEST_HOST = "$(BUILT_PRODUCTS_DIR)/MultiTargetProjectDemo.app/MultiTargetProjectDemo";
			};
			name = Debug;
		};
		4BCA53BB2085960D0098A0FC /* Release */ = {
			isa = XCBuildConfiguration;
			buildSettings = {
				BUNDLE_LOADER = "$(TEST_HOST)";
				CODE_SIGN_STYLE = Automatic;
				INFOPLIST_FILE = MultiTargetProjectDemoTests/Info.plist;
				LD_RUNPATH_SEARCH_PATHS = "$(inherited) @executable_path/Frameworks @loader_path/Frameworks";
				PRODUCT_BUNDLE_IDENTIFIER = XH.MultiTargetProjectDemoTests;
				PRODUCT_NAME = "$(TARGET_NAME)";
				TARGETED_DEVICE_FAMILY = "1,2";
				TEST_HOST = "$(BUILT_PRODUCTS_DIR)/MultiTargetProjectDemo.app/MultiTargetProjectDemo";
			};
			name = Release;
		};
		4BCA53BD2085960D0098A0FC /* Debug */ = {
			isa = XCBuildConfiguration;
			buildSettings = {
				CODE_SIGN_STYLE = Automatic;
				INFOPLIST_FILE = MultiTargetProjectDemoUITests/Info.plist;
				LD_RUNPATH_SEARCH_PATHS = "$(inherited) @executable_path/Frameworks @loader_path/Frameworks";
				PRODUCT_BUNDLE_IDENTIFIER = XH.MultiTargetProjectDemoUITests;
				PRODUCT_NAME = "$(TARGET_NAME)";
				TARGETED_DEVICE_FAMILY = "1,2";
				TEST_TARGET_NAME = MultiTargetProjectDemo;
			};
			name = Debug;
		};
		4BCA53BE2085960D0098A0FC /* Release */ = {
			isa = XCBuildConfiguration;
			buildSettings = {
				CODE_SIGN_STYLE = Automatic;
				INFOPLIST_FILE = MultiTargetProjectDemoUITests/Info.plist;
				LD_RUNPATH_SEARCH_PATHS = "$(inherited) @executable_path/Frameworks @loader_path/Frameworks";
				PRODUCT_BUNDLE_IDENTIFIER = XH.MultiTargetProjectDemoUITests;
				PRODUCT_NAME = "$(TARGET_NAME)";
				TARGETED_DEVICE_FAMILY = "1,2";
				TEST_TARGET_NAME = MultiTargetProjectDemo;
			};
			name = Release;
		};
		4BCA53CA208596450098A0FC /* Debug */ = {
			isa = XCBuildConfiguration;
			baseConfigurationReference = EB62710138784EA76FED0916 /* Pods-Man.debug.xcconfig */;
			buildSettings = {
				ASSETCATALOG_COMPILER_APPICON_NAME = AppIcon;
				CODE_SIGN_STYLE = Automatic;
				GCC_PREPROCESSOR_DEFINITIONS = (
					"DEBUG=1",
					"$(inherited)",
					"TargetType=1",
				);
				INFOPLIST_FILE = "$(SRCROOT)/MultiTargetProjectDemo/Man/Config/Man.plist";
				LD_RUNPATH_SEARCH_PATHS = "$(inherited) @executable_path/Frameworks";
				PRODUCT_BUNDLE_IDENTIFIER = XH.Man;
				PRODUCT_NAME = "$(TARGET_NAME)";
				TARGETED_DEVICE_FAMILY = 1;
			};
			name = Debug;
		};
		4BCA53CB208596450098A0FC /* Release */ = {
			isa = XCBuildConfiguration;
			baseConfigurationReference = C1E896C1710753CFEE0083C2 /* Pods-Man.release.xcconfig */;
			buildSettings = {
				ASSETCATALOG_COMPILER_APPICON_NAME = AppIcon;
				CODE_SIGN_STYLE = Automatic;
				GCC_PREPROCESSOR_DEFINITIONS = (
					"$(inherited)",
					"TargetType=1",
				);
				INFOPLIST_FILE = "$(SRCROOT)/MultiTargetProjectDemo/Man/Config/Man.plist";
				LD_RUNPATH_SEARCH_PATHS = "$(inherited) @executable_path/Frameworks";
				PRODUCT_BUNDLE_IDENTIFIER = XH.Man;
				PRODUCT_NAME = "$(TARGET_NAME)";
				TARGETED_DEVICE_FAMILY = 1;
			};
			name = Release;
		};
		4BCA53D9208596490098A0FC /* Debug */ = {
			isa = XCBuildConfiguration;
			baseConfigurationReference = 38C6F2459AE2CA3DC4380B55 /* Pods-Tree.debug.xcconfig */;
			buildSettings = {
				ASSETCATALOG_COMPILER_APPICON_NAME = AppIcon;
				CODE_SIGN_STYLE = Automatic;
				GCC_PREPROCESSOR_DEFINITIONS = (
					"DEBUG=1",
					"$(inherited)",
					"TargetType=2",
				);
				INFOPLIST_FILE = "$(SRCROOT)/MultiTargetProjectDemo/Tree/Config/Tree.plist";
				LD_RUNPATH_SEARCH_PATHS = "$(inherited) @executable_path/Frameworks";
				PRODUCT_BUNDLE_IDENTIFIER = XH.Tree;
				PRODUCT_NAME = "$(TARGET_NAME)";
				TARGETED_DEVICE_FAMILY = 1;
			};
			name = Debug;
		};
		4BCA53DA208596490098A0FC /* Release */ = {
			isa = XCBuildConfiguration;
			baseConfigurationReference = 256600263CD730D7CE209FC9 /* Pods-Tree.release.xcconfig */;
			buildSettings = {
				ASSETCATALOG_COMPILER_APPICON_NAME = AppIcon;
				CODE_SIGN_STYLE = Automatic;
				GCC_PREPROCESSOR_DEFINITIONS = (
					"$(inherited)",
					"TargetType=2",
				);
				INFOPLIST_FILE = "$(SRCROOT)/MultiTargetProjectDemo/Tree/Config/Tree.plist";
				LD_RUNPATH_SEARCH_PATHS = "$(inherited) @executable_path/Frameworks";
				PRODUCT_BUNDLE_IDENTIFIER = XH.Tree;
				PRODUCT_NAME = "$(TARGET_NAME)";
				TARGETED_DEVICE_FAMILY = 1;
			};
			name = Release;
		};
		4BCA53E8208599EA0098A0FC /* Debug */ = {
			isa = XCBuildConfiguration;
			baseConfigurationReference = 026BF58629E04A31C5DE38E1 /* Pods-Bird.debug.xcconfig */;
			buildSettings = {
				ASSETCATALOG_COMPILER_APPICON_NAME = AppIcon;
				CODE_SIGN_STYLE = Automatic;
				GCC_PREPROCESSOR_DEFINITIONS = (
					"DEBUG=1",
					"$(inherited)",
					"TargetType=3",
				);
				INFOPLIST_FILE = "$(SRCROOT)/MultiTargetProjectDemo/Bird/Config/Bird.plist";
				LD_RUNPATH_SEARCH_PATHS = "$(inherited) @executable_path/Frameworks";
				PRODUCT_BUNDLE_IDENTIFIER = XH.Bird;
				PRODUCT_NAME = "$(TARGET_NAME)";
				TARGETED_DEVICE_FAMILY = 1;
			};
			name = Debug;
		};
		4BCA53E9208599EA0098A0FC /* Release */ = {
			isa = XCBuildConfiguration;
			baseConfigurationReference = AA241FF6B3B1A1AC94711A3F /* Pods-Bird.release.xcconfig */;
			buildSettings = {
				ASSETCATALOG_COMPILER_APPICON_NAME = AppIcon;
				CODE_SIGN_STYLE = Automatic;
				GCC_PREPROCESSOR_DEFINITIONS = (
					"$(inherited)",
					"TargetType=3",
				);
				INFOPLIST_FILE = "$(SRCROOT)/MultiTargetProjectDemo/Bird/Config/Bird.plist";
				LD_RUNPATH_SEARCH_PATHS = "$(inherited) @executable_path/Frameworks";
				PRODUCT_BUNDLE_IDENTIFIER = XH.Bird;
				PRODUCT_NAME = "$(TARGET_NAME)";
				TARGETED_DEVICE_FAMILY = 1;
			};
			name = Release;
		};
/* End XCBuildConfiguration section */

/* Begin XCConfigurationList section */
		4BCA53852085960D0098A0FC /* Build configuration list for PBXProject "MultiTargetProjectDemo" */ = {
			isa = XCConfigurationList;
			buildConfigurations = (
				4BCA53B42085960D0098A0FC /* Debug */,
				4BCA53B52085960D0098A0FC /* Release */,
			);
			defaultConfigurationIsVisible = 0;
			defaultConfigurationName = Release;
		};
		4BCA53B92085960D0098A0FC /* Build configuration list for PBXNativeTarget "MultiTargetProjectDemoTests" */ = {
			isa = XCConfigurationList;
			buildConfigurations = (
				4BCA53BA2085960D0098A0FC /* Debug */,
				4BCA53BB2085960D0098A0FC /* Release */,
			);
			defaultConfigurationIsVisible = 0;
			defaultConfigurationName = Release;
		};
		4BCA53BC2085960D0098A0FC /* Build configuration list for PBXNativeTarget "MultiTargetProjectDemoUITests" */ = {
			isa = XCConfigurationList;
			buildConfigurations = (
				4BCA53BD2085960D0098A0FC /* Debug */,
				4BCA53BE2085960D0098A0FC /* Release */,
			);
			defaultConfigurationIsVisible = 0;
			defaultConfigurationName = Release;
		};
		4BCA53C9208596450098A0FC /* Build configuration list for PBXNativeTarget "Man" */ = {
			isa = XCConfigurationList;
			buildConfigurations = (
				4BCA53CA208596450098A0FC /* Debug */,
				4BCA53CB208596450098A0FC /* Release */,
			);
			defaultConfigurationIsVisible = 0;
			defaultConfigurationName = Release;
		};
		4BCA53D8208596490098A0FC /* Build configuration list for PBXNativeTarget "Tree" */ = {
			isa = XCConfigurationList;
			buildConfigurations = (
				4BCA53D9208596490098A0FC /* Debug */,
				4BCA53DA208596490098A0FC /* Release */,
			);
			defaultConfigurationIsVisible = 0;
			defaultConfigurationName = Release;
		};
		4BCA53E7208599EA0098A0FC /* Build configuration list for PBXNativeTarget "Bird" */ = {
			isa = XCConfigurationList;
			buildConfigurations = (
				4BCA53E8208599EA0098A0FC /* Debug */,
				4BCA53E9208599EA0098A0FC /* Release */,
			);
			defaultConfigurationIsVisible = 0;
			defaultConfigurationName = Release;
		};
/* End XCConfigurationList section */
	};
	rootObject = 4BCA53822085960D0098A0FC /* Project object */;
}
